
Microsoft Visual Studio Solution File, Format Version 12.00
# Visual Studio Version 17
VisualStudioVersion = 17.8.34525.116
MinimumVisualStudioVersion = 10.0.40219.1
Project("{FAE04EC0-301F-11D3-BF4B-00C04F79EFBC}") = "prueba", "prueba\prueba.csproj", "{1D790C90-1B30-46A5-BA64-0DDAF4C3470D}"
EndProject
Global
	GlobalSection(SolutionConfigurationPlatforms) = preSolution
		Debug|Any CPU = Debug|Any CPU
		Release|Any CPU = Release|Any CPU
	EndGlobalSection
	GlobalSection(ProjectConfigurationPlatforms) = postSolution
		{1D790C90-1B30-46A5-BA64-0DDAF4C3470D}.Debug|Any CPU.ActiveCfg = Debug|Any CPU
		{1D790C90-1B30-46A5-BA64-0DDAF4C3470D}.Debug|Any CPU.Build.0 = Debug|Any CPU
		{1D790C90-1B30-46A5-BA64-0DDAF4C3470D}.Release|Any CPU.ActiveCfg = Release|Any CPU
		{1D790C90-1B30-46A5-BA64-0DDAF4C3470D}.Release|Any CPU.Build.0 = Release|Any CPU
	EndGlobalSection
	GlobalSection(SolutionProperties) = preSolution
		HideSolutionNode = FALSE
	EndGlobalSection
	GlobalSection(ExtensibilityGlobals) = postSolution
		SolutionGuid = {2E6D2B5D-D8FB-49C6-AE42-038796BEABB4}
	EndGlobalSection
EndGlobal
